{
    "_meta": {
        "hash": {
            "sha256": "4eefae60ce89471b40edcf1707d769b3cf325ddebb62b1da67ce3c37d476332a"
        },
        "pipfile-spec": 6,
        "requires": {
            "python_version": "3.7"
        },
        "sources": [
            {
                "name": "pypi",
                "url": "https://pypi.org/simple",
                "verify_ssl": true
            }
        ]
    },
    "default": {
        "click": {
            "hashes": [
                "sha256:d2b5255c7c6349bc1bd1e59e08cd12acbbd63ce649f2588755783aa94dfb6b1a",
                "sha256:dacca89f4bfadd5de3d7489b7c8a566eee0d3676333fbb50030263894c38c0dc"
            ],
            "version": "==7.1.2"
        },
        "typer": {
            "hashes": [
                "sha256:778a9695e68eb26a0a0321ca9d3f1a8809783f6f083549b84c67bc2385bf014e",
                "sha256:85b1e5f6369750b4220ad548ea30b881a2c502504e5a0d849db9bdf6b487bdbf"
            ],
            "index": "pypi",
            "version": "==0.3.1"
        }
    },
    "develop": {}
}
